
Microsoft Visual Studio Solution File, Format Version 12.00
# Visual Studio Version 17
VisualStudioVersion = 17.14.36212.18 d17.14
MinimumVisualStudioVersion = 10.0.40219.1
Project("{FAE04EC0-301F-11D3-BF4B-00C04F79EFBC}") = "DHHTool_RS_Beam_2DCrossSection", "DHHTool_RS_Beam_2DCrossSection\DHHTool_RS_Beam_2DCrossSection.csproj", "{949E188F-0BE6-49F0-8855-E1097FD94479}"
EndProject
Global
	GlobalSection(SolutionConfigurationPlatforms) = preSolution
		Debug|Any CPU = Debug|Any CPU
		Release|Any CPU = Release|Any CPU
	EndGlobalSection
	GlobalSection(ProjectConfigurationPlatforms) = postSolution
		{949E188F-0BE6-49F0-8855-E1097FD94479}.Debug|Any CPU.ActiveCfg = Debug|Any CPU
		{949E188F-0BE6-49F0-8855-E1097FD94479}.Debug|Any CPU.Build.0 = Debug|Any CPU
		{949E188F-0BE6-49F0-8855-E1097FD94479}.Release|Any CPU.ActiveCfg = Release|Any CPU
		{949E188F-0BE6-49F0-8855-E1097FD94479}.Release|Any CPU.Build.0 = Release|Any CPU
	EndGlobalSection
	GlobalSection(SolutionProperties) = preSolution
		HideSolutionNode = FALSE
	EndGlobalSection
	GlobalSection(ExtensibilityGlobals) = postSolution
		SolutionGuid = {96BC2D7B-2702-40EA-BD07-10DE0EADE840}
	EndGlobalSection
EndGlobal
